// !$*UTF8*$!
{
	archiveVersion = 1;
	classes = {
	};
	objectVersion = 77;
	objects = {

/* Begin PBXBuildFile section */
		00D502FC89112C5ECE6CA6F5 /* WorkoutSummary.swift in Sources */ = {isa = PBXBuildFile; fileRef = 6E32994F76F52FC4A261194A /* WorkoutSummary.swift */; };
		03461E13091C8D3EE383DAAB /* DishReviewView.swift in Sources */ = {isa = PBXBuildFile; fileRef = 27A178BC1BCAAA42B0EE0DD8 /* DishReviewView.swift */; };
		04EB62BF0CA027847B8DF200 /* HumanGateView.swift in Sources */ = {isa = PBXBuildFile; fileRef = 39D1677FC4D6136C587AA8EA /* HumanGateView.swift */; };
		0653B227DAE320B30676A856 /* BattleEngineTests.swift in Sources */ = {isa = PBXBuildFile; fileRef = E4C2E0CA4A793739737B7568 /* BattleEngineTests.swift */; };
		0822FEFA512C70B019F89F7E /* LANClient.swift in Sources */ = {isa = PBXBuildFile; fileRef = 18EB6CF6C45D8D8C3BC90B76 /* LANClient.swift */; };
		134D81E9B0D858DAE3366A07 /* OnboardingStepViews.swift in Sources */ = {isa = PBXBuildFile; fileRef = 684E036C4AE5581378F5F4D7 /* OnboardingStepViews.swift */; };
		13BF32F83AAE3C370CD3DCBE /* KitchenMinesView.swift in Sources */ = {isa = PBXBuildFile; fileRef = C04360E042B736F05741E5C3 /* KitchenMinesView.swift */; };
		1474B653FB64B907B89D06EE /* BattleView.swift in Sources */ = {isa = PBXBuildFile; fileRef = 205934A45344A61D0CE98920 /* BattleView.swift */; };
		155A9CDB0E660DB4A6EEC849 /* MealPhotoCapture.swift in Sources */ = {isa = PBXBuildFile; fileRef = 39B6C2F7A1F5C26713ED68DB /* MealPhotoCapture.swift */; };
		15C07579E45A62FE7285365D /* OnboardingView.swift in Sources */ = {isa = PBXBuildFile; fileRef = 589E1F9B242A850F9FFB2EB8 /* OnboardingView.swift */; };
		16775AC590EAAA581DF92F07 /* ScannerView.swift in Sources */ = {isa = PBXBuildFile; fileRef = 1C6C1A080D8038405488E203 /* ScannerView.swift */; };
		1DF172F20FD26F9851F2708C /* BodyMetrics.swift in Sources */ = {isa = PBXBuildFile; fileRef = 477C9D1892868D080F6DD2B5 /* BodyMetrics.swift */; };
		21785D39917D076AB1686FB8 /* JourneyActivityCalendar.swift in Sources */ = {isa = PBXBuildFile; fileRef = ED51295404DDF35566BDB19E /* JourneyActivityCalendar.swift */; };
		23C68A3FADC8D61259313557 /* HomeView.swift in Sources */ = {isa = PBXBuildFile; fileRef = F64CE10476129B1ED098A63A /* HomeView.swift */; };
		2990358D29CF67F59C5A6935 /* BattleHubView.swift in Sources */ = {isa = PBXBuildFile; fileRef = AD52285DC114B6B2660F977D /* BattleHubView.swift */; };
		2B5242112D570192B6879AA6 /* NutriQuestApp.swift in Sources */ = {isa = PBXBuildFile; fileRef = F3760A6F93969CB515E706B1 /* NutriQuestApp.swift */; };
		2C603B97017B76B6A4424FCC /* HealthKitManager.swift in Sources */ = {isa = PBXBuildFile; fileRef = 75591C47CFE5CD1E720436E9 /* HealthKitManager.swift */; };
		2C9F1E9442FC35F13F6C032D /* SessionStore.swift in Sources */ = {isa = PBXBuildFile; fileRef = 82930BA2971F8DBFDBBC9EF6 /* SessionStore.swift */; };
		3954C97B71E2F2A26AF86F32 /* LANLobbyView.swift in Sources */ = {isa = PBXBuildFile; fileRef = 285167B39A9F98AC073AEE70 /* LANLobbyView.swift */; };
		3AF44E9524682DB3FAD7B4DE /* JourneyView.swift in Sources */ = {isa = PBXBuildFile; fileRef = 0D8A9CAFEA349E7337340C4C /* JourneyView.swift */; };
		3E0BF30C14366382DC08E336 /* ProfileView.swift in Sources */ = {isa = PBXBuildFile; fileRef = 97CA1129653E7E25D7307C6A /* ProfileView.swift */; };
		3E1ADC414C9F6266F1820D09 /* Color+Hex.swift in Sources */ = {isa = PBXBuildFile; fileRef = 879294FA1B86E90585A7AA7F /* Color+Hex.swift */; };
		40C916385FDDFE43E25DA4C2 /* HealthSyncService.swift in Sources */ = {isa = PBXBuildFile; fileRef = 8CB555000F6EF6D413B7DFB8 /* HealthSyncService.swift */; };
		41A88104A1DFA600EEA689AF /* ScanView.swift in Sources */ = {isa = PBXBuildFile; fileRef = 7CBDD0600B8249A61929B154 /* ScanView.swift */; };
		42A9DFE50004FC1709A4B4E8 /* LeaderboardView.swift in Sources */ = {isa = PBXBuildFile; fileRef = 52369D9BC6D2E80B6F54DD7D /* LeaderboardView.swift */; };
		444DAF3851E02D2D49C02C6E /* CauldronCashOutTests.swift in Sources */ = {isa = PBXBuildFile; fileRef = BE25C65283FB213EE72D1B3A /* CauldronCashOutTests.swift */; };
		454257114CB0068BA37B56AE /* CaseRouletteStrip.swift in Sources */ = {isa = PBXBuildFile; fileRef = 2F8B862E483B9A4FECBB9F70 /* CaseRouletteStrip.swift */; };
		471619DFE3B07CA3015B627C /* CasinoHubView.swift in Sources */ = {isa = PBXBuildFile; fileRef = 15F4374A030705C10CB3419A /* CasinoHubView.swift */; };
		486D2ED1CAA8171326F3C5BD /* AppConfig.swift in Sources */ = {isa = PBXBuildFile; fileRef = E5BE5A5A080CDEA4912ABB03 /* AppConfig.swift */; };
		49B437CCD2CB282C35AE72F9 /* DungeonView.swift in Sources */ = {isa = PBXBuildFile; fileRef = 5B50EEE2B0F8FAAF470C99CB /* DungeonView.swift */; };
		4A18CE1FE929227B0316F900 /* OnboardingComponents.swift in Sources */ = {isa = PBXBuildFile; fileRef = 4106D1906C3B4E0023C053F2 /* OnboardingComponents.swift */; };
		515C28287014195D4587445C /* PortalWheelView.swift in Sources */ = {isa = PBXBuildFile; fileRef = 0102BBD5D48083C41BA3BE5C /* PortalWheelView.swift */; };
		52DB4149B9A9CEA5889E1A16 /* FoodProduct.swift in Sources */ = {isa = PBXBuildFile; fileRef = FC9AD2C5FC6A73330E8ECF07 /* FoodProduct.swift */; };
		5B5652062290FDE3A5688C47 /* APIErrorTests.swift in Sources */ = {isa = PBXBuildFile; fileRef = 3695D833EDA8B023BFEC62A9 /* APIErrorTests.swift */; };
		5C5004DBA147B4038D3EFAEF /* CauldronCrashView.swift in Sources */ = {isa = PBXBuildFile; fileRef = 90F2B16B629FEE5AB15F5B40 /* CauldronCrashView.swift */; };
		648E041A8F3F380D0EF73C70 /* DesignTokens.swift in Sources */ = {isa = PBXBuildFile; fileRef = B49A99726C1DC2C5DF944B0B /* DesignTokens.swift */; };
		65C4F2F89BCB97CFF3F31DFB /* Characters.xcassets in Resources */ = {isa = PBXBuildFile; fileRef = 284179EF70690D9FF0B92110 /* Characters.xcassets */; };
		6625061C195EB61BB19ADC32 /* APIClient.swift in Sources */ = {isa = PBXBuildFile; fileRef = 44E477D60E4D6C3F189C099B /* APIClient.swift */; };
		6B842BBD9BDE955B6C3A7504 /* CharacterBios.swift in Sources */ = {isa = PBXBuildFile; fileRef = DA38B012E57749DC07E99993 /* CharacterBios.swift */; };
		757C655FBEFE2632208627F1 /* LANTestSupport.swift in Sources */ = {isa = PBXBuildFile; fileRef = DB077BE598A1019959EF64F5 /* LANTestSupport.swift */; };
		78C9C65BCDC91D9B1E68602D /* BattleKit in Frameworks */ = {isa = PBXBuildFile; productRef = 6C4642CADC1838D0387C7BF8 /* BattleKit */; };
		795B9A261F386F22DC7D1595 /* GuidedTourView.swift in Sources */ = {isa = PBXBuildFile; fileRef = 9E2D72F87F60BCBF813FB7A3 /* GuidedTourView.swift */; };
		7B93FED2EEC0D911006208E3 /* BarcodeUtils.swift in Sources */ = {isa = PBXBuildFile; fileRef = 0EE1172B559382ABFAD76939 /* BarcodeUtils.swift */; };
		7DD51A43094A15FBA71D4806 /* Assets.xcassets in Resources */ = {isa = PBXBuildFile; fileRef = 3179FA7282219DAAB0FE3C85 /* Assets.xcassets */; };
		7DFE640900C4F63DF44DBBA4 /* GameArt.swift in Sources */ = {isa = PBXBuildFile; fileRef = D8768A5DA1CF563EA0B0E887 /* GameArt.swift */; };
		8C62E171E347207F768B35E9 /* CrateOpeningView.swift in Sources */ = {isa = PBXBuildFile; fileRef = 617FC9309807B399B25A73A5 /* CrateOpeningView.swift */; };
		8DD09A9DED2EDD7F8BCB4F0C /* BodyMetricsView.swift in Sources */ = {isa = PBXBuildFile; fileRef = 7F88BB3D3BA8DC5A2E7D877E /* BodyMetricsView.swift */; };
		8F88172B7F72EC5200D5E82C /* HealthDashboardView.swift in Sources */ = {isa = PBXBuildFile; fileRef = 7AB602D2B3D6DBF6725D2720 /* HealthDashboardView.swift */; };
		9124D0F77A75B6F43BF1941D /* GameArtTests.swift in Sources */ = {isa = PBXBuildFile; fileRef = ED14063699D4A328F1173D67 /* GameArtTests.swift */; };
		9314E0D29BBB172FFEA07672 /* NutriQuestUI in Frameworks */ = {isa = PBXBuildFile; productRef = 05C406A08C0337E5E02204FC /* NutriQuestUI */; };
		93C8129BBF8A41F2040DFCF2 /* LaunchSplashView.swift in Sources */ = {isa = PBXBuildFile; fileRef = D7FC2AA7CBE841DB8197EE9B /* LaunchSplashView.swift */; };
		9BF7AD79D721D0EF56E68D49 /* ImageColorExtractor.swift in Sources */ = {isa = PBXBuildFile; fileRef = 75E3F7281A314FBA8931CA9F /* ImageColorExtractor.swift */; };
		9CE22737BDAE55E2B0C85ABA /* ShopView.swift in Sources */ = {isa = PBXBuildFile; fileRef = 007E36FFDF615A6A38249CB8 /* ShopView.swift */; };
		9DE7D4A7F8EA165ABE69CFCC /* GameState.swift in Sources */ = {isa = PBXBuildFile; fileRef = D7FBC0B430D9F714B0E2BBF8 /* GameState.swift */; };
		9DFF4F0CD03EBB752BD80CF9 /* LANMultipeer.swift in Sources */ = {isa = PBXBuildFile; fileRef = 0403DFF8FEDD08659E4414E2 /* LANMultipeer.swift */; };
		9E0D5BB49EC4E818E61DDA35 /* CharacterDetailView.swift in Sources */ = {isa = PBXBuildFile; fileRef = E4C3894E067CAE94B508A12A /* CharacterDetailView.swift */; };
		9F642EDAD1101AE0D9F9CAAF /* KitBridging.swift in Sources */ = {isa = PBXBuildFile; fileRef = F4E494C697135C3755277737 /* KitBridging.swift */; };
		A4B629DF4C1C98E407FC9CA8 /* CollectionView.swift in Sources */ = {isa = PBXBuildFile; fileRef = CCAEF89F81FE0EDB05A590CA /* CollectionView.swift */; };
		A606A919398F9CA975DC1196 /* LANProtocol.swift in Sources */ = {isa = PBXBuildFile; fileRef = 62E571A5A296E0327AC3EED9 /* LANProtocol.swift */; };
		B13687DB1585311112E3219C /* StatType.swift in Sources */ = {isa = PBXBuildFile; fileRef = 1F67C1ADDA4258BE80A784CD /* StatType.swift */; };
		B3B94331DBA3C4927A94836E /* LANCrypto.swift in Sources */ = {isa = PBXBuildFile; fileRef = 39AFA0560127066B90572431 /* LANCrypto.swift */; };
		BB057BEABE205F6E1F111907 /* RootTabView.swift in Sources */ = {isa = PBXBuildFile; fileRef = A895E0E755FBC76AA59CACBB /* RootTabView.swift */; };
		BB0A0D0C4741620940C89FE1 /* BattleKit in Frameworks */ = {isa = PBXBuildFile; productRef = 12EF5FB9A8BCA4EEB940C570 /* BattleKit */; };
		BCBD4BCDC53578B1E775F112 /* WatchConnectView.swift in Sources */ = {isa = PBXBuildFile; fileRef = 64173722F51710D196A6C3F7 /* WatchConnectView.swift */; };
		C0296742AF08312A6682855E /* LANTournamentTests.swift in Sources */ = {isa = PBXBuildFile; fileRef = 23CE9A03DDD3B2F84BD11D9B /* LANTournamentTests.swift */; };
		C071CE30CE3D8A263A229059 /* LaunchGateView.swift in Sources */ = {isa = PBXBuildFile; fileRef = BBB319994EBB87A6BAA41508 /* LaunchGateView.swift */; };
		C0C9255AED877997786E820B /* LANProtocolTests.swift in Sources */ = {isa = PBXBuildFile; fileRef = F6C6FC0540636169213ADE2B /* LANProtocolTests.swift */; };
		C3360731A29714DD0EC3A9F2 /* ScanPipelineTests.swift in Sources */ = {isa = PBXBuildFile; fileRef = 2158CFD64CCE3C30F4C01624 /* ScanPipelineTests.swift */; };
		C4181F780FB501C9E69F1730 /* CaseOpeningView.swift in Sources */ = {isa = PBXBuildFile; fileRef = 53DBF7798C8D10EAD3843701 /* CaseOpeningView.swift */; };
		CA10C22B6D8D33946BB3F89D /* NQNotifications.swift in Sources */ = {isa = PBXBuildFile; fileRef = AD6E67C745E454F1A74AFDFF /* NQNotifications.swift */; };
		CB419B969D1E103C495CD1F8 /* CauldronCashOut.swift in Sources */ = {isa = PBXBuildFile; fileRef = D4A367D08DD5A7DABD1176DA /* CauldronCashOut.swift */; };
		CC092355D9B7A450D3FF6804 /* CharacterFactory.swift in Sources */ = {isa = PBXBuildFile; fileRef = 8CD9A140A0FB687BDE8C7D1D /* CharacterFactory.swift */; };
		CD72782E940370E6181C986D /* LANTournament.swift in Sources */ = {isa = PBXBuildFile; fileRef = B7EF8099151DFFA30CE3943C /* LANTournament.swift */; };
		CD89EF2DA18AB214EB5DA6DF /* CauldronClock.swift in Sources */ = {isa = PBXBuildFile; fileRef = 9B32FE00FCF3110C4CF6CA4F /* CauldronClock.swift */; };
		D1ADCDCB0825A28A9CD99C3F /* PlinkoView.swift in Sources */ = {isa = PBXBuildFile; fileRef = 5F3A14417EBD05F2CF14FFD9 /* PlinkoView.swift */; };
		D25A48BFBDFC8D07B9865590 /* Fonts in Resources */ = {isa = PBXBuildFile; fileRef = F50179EE5AAEE08C0FCB81A5 /* Fonts */; };
		D29A87BF4AE1A58B668ECF6D /* FoodDataService.swift in Sources */ = {isa = PBXBuildFile; fileRef = 8AD2876558076202EA95115B /* FoodDataService.swift */; };
		D46BC08A405AD317016E0EF9 /* SquadPickerView.swift in Sources */ = {isa = PBXBuildFile; fileRef = F941A4022E72AD7BEC6DB964 /* SquadPickerView.swift */; };
		D5D7EED529F03A9576289678 /* HealthKitSnapshot.swift in Sources */ = {isa = PBXBuildFile; fileRef = C822A50B46EBDCFD6D0A406A /* HealthKitSnapshot.swift */; };
		D63454F9FF40922A4939FBC0 /* APIModels.swift in Sources */ = {isa = PBXBuildFile; fileRef = 137936CDB011C5B7E6FE06BD /* APIModels.swift */; };
		D64641F01F7AC55D87DC6C5F /* BarcodeUtilsTests.swift in Sources */ = {isa = PBXBuildFile; fileRef = B4B92B92027BB76739FE31D5 /* BarcodeUtilsTests.swift */; };
		DCAAA79A9A71F0D07380BEBF /* BodyMetricsTests.swift in Sources */ = {isa = PBXBuildFile; fileRef = C030FB0134776A73A42C9F1B /* BodyMetricsTests.swift */; };
		DDB78FA7CDA51160C6DB0E89 /* game-assets in Resources */ = {isa = PBXBuildFile; fileRef = 93A470DD2ACD7130B1C43577 /* game-assets */; };
		E08A2EE722652550140909CD /* LANSession.swift in Sources */ = {isa = PBXBuildFile; fileRef = C2A8F56ABF6DD4934679CE67 /* LANSession.swift */; };
		E29F27538CBD2F77EE0C7158 /* LANHostMatch.swift in Sources */ = {isa = PBXBuildFile; fileRef = C6C3DB05E7C0029DFC4918CE /* LANHostMatch.swift */; };
		E3851D2F8079148F483B030A /* LANHostMatchTests.swift in Sources */ = {isa = PBXBuildFile; fileRef = DE76EE310D51FB67A9F7B65F /* LANHostMatchTests.swift */; };
		E3CBA1A9E31B9902D6A2F5DF /* CasinoLuckChart.swift in Sources */ = {isa = PBXBuildFile; fileRef = E485499E6AB6C9D34DB8A037 /* CasinoLuckChart.swift */; };
		EAAB967F70349AFCD7271B73 /* LANHost.swift in Sources */ = {isa = PBXBuildFile; fileRef = 3F04A367FE902628B6C91D40 /* LANHost.swift */; };
		EB98860670275942ACDD229F /* LANHostIntegrationTests.swift in Sources */ = {isa = PBXBuildFile; fileRef = 4276CE36E6E9F75F9425C903 /* LANHostIntegrationTests.swift */; };
		EE7EF50636EA1FA9DFB240A0 /* Rarity.swift in Sources */ = {isa = PBXBuildFile; fileRef = F6A6E74A63D448AB2789D4DE /* Rarity.swift */; };
		F943B2CDAD2887D377AAF138 /* HealthKitSnapshotTests.swift in Sources */ = {isa = PBXBuildFile; fileRef = 1D82D7B1DDA55C8F24D3A468 /* HealthKitSnapshotTests.swift */; };
		FA8A3C6E9ADA720D64BB26BA /* NQAchievements.swift in Sources */ = {isa = PBXBuildFile; fileRef = 14BBE6DFC4F647C941CAC824 /* NQAchievements.swift */; };
		FBE44ED222DEF20EC8A9410D /* Character.swift in Sources */ = {isa = PBXBuildFile; fileRef = 99A3574F110807E98AD10ED7 /* Character.swift */; };
		FFD34A1A8E919630A9E2CC48 /* BattleReplayMapper.swift in Sources */ = {isa = PBXBuildFile; fileRef = 5798E49E21720763CE0AE0E6 /* BattleReplayMapper.swift */; };
/* End PBXBuildFile section */

/* Begin PBXContainerItemProxy section */
		A15A2942304E236B95AE723F /* PBXContainerItemProxy */ = {
			isa = PBXContainerItemProxy;
			containerPortal = 651CFCCE5059AE9C80AEE0F9 /* Project object */;
			proxyType = 1;
			remoteGlobalIDString = 303B5F9A0C9C987DFAC50C9F;
			remoteInfo = NutriQuest;
		};
/* End PBXContainerItemProxy section */

/* Begin PBXFileReference section */
		007E36FFDF615A6A38249CB8 /* ShopView.swift */ = {isa = PBXFileReference; lastKnownFileType = sourcecode.swift; path = ShopView.swift; sourceTree = "<group>"; };
		0102BBD5D48083C41BA3BE5C /* PortalWheelView.swift */ = {isa = PBXFileReference; lastKnownFileType = sourcecode.swift; path = PortalWheelView.swift; sourceTree = "<group>"; };
		0403DFF8FEDD08659E4414E2 /* LANMultipeer.swift */ = {isa = PBXFileReference; lastKnownFileType = sourcecode.swift; path = LANMultipeer.swift; sourceTree = "<group>"; };
		0D8A9CAFEA349E7337340C4C /* JourneyView.swift */ = {isa = PBXFileReference; lastKnownFileType = sourcecode.swift; path = JourneyView.swift; sourceTree = "<group>"; };
		0EE1172B559382ABFAD76939 /* BarcodeUtils.swift */ = {isa = PBXFileReference; lastKnownFileType = sourcecode.swift; path = BarcodeUtils.swift; sourceTree = "<group>"; };
		137936CDB011C5B7E6FE06BD /* APIModels.swift */ = {isa = PBXFileReference; lastKnownFileType = sourcecode.swift; path = APIModels.swift; sourceTree = "<group>"; };
		14BBE6DFC4F647C941CAC824 /* NQAchievements.swift */ = {isa = PBXFileReference; lastKnownFileType = sourcecode.swift; path = NQAchievements.swift; sourceTree = "<group>"; };
		15F4374A030705C10CB3419A /* CasinoHubView.swift */ = {isa = PBXFileReference; lastKnownFileType = sourcecode.swift; path = CasinoHubView.swift; sourceTree = "<group>"; };
		18EB6CF6C45D8D8C3BC90B76 /* LANClient.swift */ = {isa = PBXFileReference; lastKnownFileType = sourcecode.swift; path = LANClient.swift; sourceTree = "<group>"; };
		1C6C1A080D8038405488E203 /* ScannerView.swift */ = {isa = PBXFileReference; lastKnownFileType = sourcecode.swift; path = ScannerView.swift; sourceTree = "<group>"; };
		1D82D7B1DDA55C8F24D3A468 /* HealthKitSnapshotTests.swift */ = {isa = PBXFileReference; lastKnownFileType = sourcecode.swift; path = HealthKitSnapshotTests.swift; sourceTree = "<group>"; };
		1F67C1ADDA4258BE80A784CD /* StatType.swift */ = {isa = PBXFileReference; lastKnownFileType = sourcecode.swift; path = StatType.swift; sourceTree = "<group>"; };
		205934A45344A61D0CE98920 /* BattleView.swift */ = {isa = PBXFileReference; lastKnownFileType = sourcecode.swift; path = BattleView.swift; sourceTree = "<group>"; };
		2158CFD64CCE3C30F4C01624 /* ScanPipelineTests.swift */ = {isa = PBXFileReference; lastKnownFileType = sourcecode.swift; path = ScanPipelineTests.swift; sourceTree = "<group>"; };
		23CE9A03DDD3B2F84BD11D9B /* LANTournamentTests.swift */ = {isa = PBXFileReference; lastKnownFileType = sourcecode.swift; path = LANTournamentTests.swift; sourceTree = "<group>"; };
		27A178BC1BCAAA42B0EE0DD8 /* DishReviewView.swift */ = {isa = PBXFileReference; lastKnownFileType = sourcecode.swift; path = DishReviewView.swift; sourceTree = "<group>"; };
		284179EF70690D9FF0B92110 /* Characters.xcassets */ = {isa = PBXFileReference; lastKnownFileType = folder.assetcatalog; path = Characters.xcassets; sourceTree = "<group>"; };
		285167B39A9F98AC073AEE70 /* LANLobbyView.swift */ = {isa = PBXFileReference; lastKnownFileType = sourcecode.swift; path = LANLobbyView.swift; sourceTree = "<group>"; };
		2F8B862E483B9A4FECBB9F70 /* CaseRouletteStrip.swift */ = {isa = PBXFileReference; lastKnownFileType = sourcecode.swift; path = CaseRouletteStrip.swift; sourceTree = "<group>"; };
		3179FA7282219DAAB0FE3C85 /* Assets.xcassets */ = {isa = PBXFileReference; lastKnownFileType = folder.assetcatalog; path = Assets.xcassets; sourceTree = "<group>"; };
		3695D833EDA8B023BFEC62A9 /* APIErrorTests.swift */ = {isa = PBXFileReference; lastKnownFileType = sourcecode.swift; path = APIErrorTests.swift; sourceTree = "<group>"; };
		39AFA0560127066B90572431 /* LANCrypto.swift */ = {isa = PBXFileReference; lastKnownFileType = sourcecode.swift; path = LANCrypto.swift; sourceTree = "<group>"; };
		39B6C2F7A1F5C26713ED68DB /* MealPhotoCapture.swift */ = {isa = PBXFileReference; lastKnownFileType = sourcecode.swift; path = MealPhotoCapture.swift; sourceTree = "<group>"; };
		39D1677FC4D6136C587AA8EA /* HumanGateView.swift */ = {isa = PBXFileReference; lastKnownFileType = sourcecode.swift; path = HumanGateView.swift; sourceTree = "<group>"; };
		3F04A367FE902628B6C91D40 /* LANHost.swift */ = {isa = PBXFileReference; lastKnownFileType = sourcecode.swift; path = LANHost.swift; sourceTree = "<group>"; };
		4106D1906C3B4E0023C053F2 /* OnboardingComponents.swift */ = {isa = PBXFileReference; lastKnownFileType = sourcecode.swift; path = OnboardingComponents.swift; sourceTree = "<group>"; };
		4179B24E4931E9E66B609F58 /* ios */ = {isa = PBXFileReference; lastKnownFileType = folder; name = ios; path = .; sourceTree = SOURCE_ROOT; };
		4276CE36E6E9F75F9425C903 /* LANHostIntegrationTests.swift */ = {isa = PBXFileReference; lastKnownFileType = sourcecode.swift; path = LANHostIntegrationTests.swift; sourceTree = "<group>"; };
		44E477D60E4D6C3F189C099B /* APIClient.swift */ = {isa = PBXFileReference; lastKnownFileType = sourcecode.swift; path = APIClient.swift; sourceTree = "<group>"; };
		477C9D1892868D080F6DD2B5 /* BodyMetrics.swift */ = {isa = PBXFileReference; lastKnownFileType = sourcecode.swift; path = BodyMetrics.swift; sourceTree = "<group>"; };
		52369D9BC6D2E80B6F54DD7D /* LeaderboardView.swift */ = {isa = PBXFileReference; lastKnownFileType = sourcecode.swift; path = LeaderboardView.swift; sourceTree = "<group>"; };
		53DBF7798C8D10EAD3843701 /* CaseOpeningView.swift */ = {isa = PBXFileReference; lastKnownFileType = sourcecode.swift; path = CaseOpeningView.swift; sourceTree = "<group>"; };
		5798E49E21720763CE0AE0E6 /* BattleReplayMapper.swift */ = {isa = PBXFileReference; lastKnownFileType = sourcecode.swift; path = BattleReplayMapper.swift; sourceTree = "<group>"; };
		589E1F9B242A850F9FFB2EB8 /* OnboardingView.swift */ = {isa = PBXFileReference; lastKnownFileType = sourcecode.swift; path = OnboardingView.swift; sourceTree = "<group>"; };
		5B50EEE2B0F8FAAF470C99CB /* DungeonView.swift */ = {isa = PBXFileReference; lastKnownFileType = sourcecode.swift; path = DungeonView.swift; sourceTree = "<group>"; };
		5F3A14417EBD05F2CF14FFD9 /* PlinkoView.swift */ = {isa = PBXFileReference; lastKnownFileType = sourcecode.swift; path = PlinkoView.swift; sourceTree = "<group>"; };
		617FC9309807B399B25A73A5 /* CrateOpeningView.swift */ = {isa = PBXFileReference; lastKnownFileType = sourcecode.swift; path = CrateOpeningView.swift; sourceTree = "<group>"; };
		62E571A5A296E0327AC3EED9 /* LANProtocol.swift */ = {isa = PBXFileReference; lastKnownFileType = sourcecode.swift; path = LANProtocol.swift; sourceTree = "<group>"; };
		64173722F51710D196A6C3F7 /* WatchConnectView.swift */ = {isa = PBXFileReference; lastKnownFileType = sourcecode.swift; path = WatchConnectView.swift; sourceTree = "<group>"; };
		684E036C4AE5581378F5F4D7 /* OnboardingStepViews.swift */ = {isa = PBXFileReference; lastKnownFileType = sourcecode.swift; path = OnboardingStepViews.swift; sourceTree = "<group>"; };
		6E32994F76F52FC4A261194A /* WorkoutSummary.swift */ = {isa = PBXFileReference; lastKnownFileType = sourcecode.swift; path = WorkoutSummary.swift; sourceTree = "<group>"; };
		75591C47CFE5CD1E720436E9 /* HealthKitManager.swift */ = {isa = PBXFileReference; lastKnownFileType = sourcecode.swift; path = HealthKitManager.swift; sourceTree = "<group>"; };
		75E3F7281A314FBA8931CA9F /* ImageColorExtractor.swift */ = {isa = PBXFileReference; lastKnownFileType = sourcecode.swift; path = ImageColorExtractor.swift; sourceTree = "<group>"; };
		7AB602D2B3D6DBF6725D2720 /* HealthDashboardView.swift */ = {isa = PBXFileReference; lastKnownFileType = sourcecode.swift; path = HealthDashboardView.swift; sourceTree = "<group>"; };
		7CBDD0600B8249A61929B154 /* ScanView.swift */ = {isa = PBXFileReference; lastKnownFileType = sourcecode.swift; path = ScanView.swift; sourceTree = "<group>"; };
		7F88BB3D3BA8DC5A2E7D877E /* BodyMetricsView.swift */ = {isa = PBXFileReference; lastKnownFileType = sourcecode.swift; path = BodyMetricsView.swift; sourceTree = "<group>"; };
		82930BA2971F8DBFDBBC9EF6 /* SessionStore.swift */ = {isa = PBXFileReference; lastKnownFileType = sourcecode.swift; path = SessionStore.swift; sourceTree = "<group>"; };
		879294FA1B86E90585A7AA7F /* Color+Hex.swift */ = {isa = PBXFileReference; lastKnownFileType = sourcecode.swift; path = "Color+Hex.swift"; sourceTree = "<group>"; };
		8AD2876558076202EA95115B /* FoodDataService.swift */ = {isa = PBXFileReference; lastKnownFileType = sourcecode.swift; path = FoodDataService.swift; sourceTree = "<group>"; };
		8CB555000F6EF6D413B7DFB8 /* HealthSyncService.swift */ = {isa = PBXFileReference; lastKnownFileType = sourcecode.swift; path = HealthSyncService.swift; sourceTree = "<group>"; };
		8CD9A140A0FB687BDE8C7D1D /* CharacterFactory.swift */ = {isa = PBXFileReference; lastKnownFileType = sourcecode.swift; path = CharacterFactory.swift; sourceTree = "<group>"; };
		90F2B16B629FEE5AB15F5B40 /* CauldronCrashView.swift */ = {isa = PBXFileReference; lastKnownFileType = sourcecode.swift; path = CauldronCrashView.swift; sourceTree = "<group>"; };
		93A470DD2ACD7130B1C43577 /* game-assets */ = {isa = PBXFileReference; lastKnownFileType = folder; name = "game-assets"; path = "../backend/game-assets"; sourceTree = SOURCE_ROOT; };
		97CA1129653E7E25D7307C6A /* ProfileView.swift */ = {isa = PBXFileReference; lastKnownFileType = sourcecode.swift; path = ProfileView.swift; sourceTree = "<group>"; };
		99A3574F110807E98AD10ED7 /* Character.swift */ = {isa = PBXFileReference; lastKnownFileType = sourcecode.swift; path = Character.swift; sourceTree = "<group>"; };
		9B32FE00FCF3110C4CF6CA4F /* CauldronClock.swift */ = {isa = PBXFileReference; lastKnownFileType = sourcecode.swift; path = CauldronClock.swift; sourceTree = "<group>"; };
		9E2D72F87F60BCBF813FB7A3 /* GuidedTourView.swift */ = {isa = PBXFileReference; lastKnownFileType = sourcecode.swift; path = GuidedTourView.swift; sourceTree = "<group>"; };
		A895E0E755FBC76AA59CACBB /* RootTabView.swift */ = {isa = PBXFileReference; lastKnownFileType = sourcecode.swift; path = RootTabView.swift; sourceTree = "<group>"; };
		AD52285DC114B6B2660F977D /* BattleHubView.swift */ = {isa = PBXFileReference; lastKnownFileType = sourcecode.swift; path = BattleHubView.swift; sourceTree = "<group>"; };
		AD6E67C745E454F1A74AFDFF /* NQNotifications.swift */ = {isa = PBXFileReference; lastKnownFileType = sourcecode.swift; path = NQNotifications.swift; sourceTree = "<group>"; };
		B49A99726C1DC2C5DF944B0B /* DesignTokens.swift */ = {isa = PBXFileReference; lastKnownFileType = sourcecode.swift; path = DesignTokens.swift; sourceTree = "<group>"; };
		B4B92B92027BB76739FE31D5 /* BarcodeUtilsTests.swift */ = {isa = PBXFileReference; lastKnownFileType = sourcecode.swift; path = BarcodeUtilsTests.swift; sourceTree = "<group>"; };
		B6558DD7BAB6A544FF3565A6 /* NutriQuest.app */ = {isa = PBXFileReference; includeInIndex = 0; lastKnownFileType = wrapper.application; path = NutriQuest.app; sourceTree = BUILT_PRODUCTS_DIR; };
		B7EF8099151DFFA30CE3943C /* LANTournament.swift */ = {isa = PBXFileReference; lastKnownFileType = sourcecode.swift; path = LANTournament.swift; sourceTree = "<group>"; };
		BBB319994EBB87A6BAA41508 /* LaunchGateView.swift */ = {isa = PBXFileReference; lastKnownFileType = sourcecode.swift; path = LaunchGateView.swift; sourceTree = "<group>"; };
		BE25C65283FB213EE72D1B3A /* CauldronCashOutTests.swift */ = {isa = PBXFileReference; lastKnownFileType = sourcecode.swift; path = CauldronCashOutTests.swift; sourceTree = "<group>"; };
		C030FB0134776A73A42C9F1B /* BodyMetricsTests.swift */ = {isa = PBXFileReference; lastKnownFileType = sourcecode.swift; path = BodyMetricsTests.swift; sourceTree = "<group>"; };
		C04360E042B736F05741E5C3 /* KitchenMinesView.swift */ = {isa = PBXFileReference; lastKnownFileType = sourcecode.swift; path = KitchenMinesView.swift; sourceTree = "<group>"; };
		C2A8F56ABF6DD4934679CE67 /* LANSession.swift */ = {isa = PBXFileReference; lastKnownFileType = sourcecode.swift; path = LANSession.swift; sourceTree = "<group>"; };
		C6C3DB05E7C0029DFC4918CE /* LANHostMatch.swift */ = {isa = PBXFileReference; lastKnownFileType = sourcecode.swift; path = LANHostMatch.swift; sourceTree = "<group>"; };
		C822A50B46EBDCFD6D0A406A /* HealthKitSnapshot.swift */ = {isa = PBXFileReference; lastKnownFileType = sourcecode.swift; path = HealthKitSnapshot.swift; sourceTree = "<group>"; };
		CCAEF89F81FE0EDB05A590CA /* CollectionView.swift */ = {isa = PBXFileReference; lastKnownFileType = sourcecode.swift; path = CollectionView.swift; sourceTree = "<group>"; };
		D4A367D08DD5A7DABD1176DA /* CauldronCashOut.swift */ = {isa = PBXFileReference; lastKnownFileType = sourcecode.swift; path = CauldronCashOut.swift; sourceTree = "<group>"; };
		D7FBC0B430D9F714B0E2BBF8 /* GameState.swift */ = {isa = PBXFileReference; lastKnownFileType = sourcecode.swift; path = GameState.swift; sourceTree = "<group>"; };
		D7FC2AA7CBE841DB8197EE9B /* LaunchSplashView.swift */ = {isa = PBXFileReference; lastKnownFileType = sourcecode.swift; path = LaunchSplashView.swift; sourceTree = "<group>"; };
		D8768A5DA1CF563EA0B0E887 /* GameArt.swift */ = {isa = PBXFileReference; lastKnownFileType = sourcecode.swift; path = GameArt.swift; sourceTree = "<group>"; };
		DA38B012E57749DC07E99993 /* CharacterBios.swift */ = {isa = PBXFileReference; lastKnownFileType = sourcecode.swift; path = CharacterBios.swift; sourceTree = "<group>"; };
		DB077BE598A1019959EF64F5 /* LANTestSupport.swift */ = {isa = PBXFileReference; lastKnownFileType = sourcecode.swift; path = LANTestSupport.swift; sourceTree = "<group>"; };
		DC03DE80326EAE65D604C907 /* NutriQuestTests.xctest */ = {isa = PBXFileReference; includeInIndex = 0; lastKnownFileType = wrapper.cfbundle; path = NutriQuestTests.xctest; sourceTree = BUILT_PRODUCTS_DIR; };
		DE76EE310D51FB67A9F7B65F /* LANHostMatchTests.swift */ = {isa = PBXFileReference; lastKnownFileType = sourcecode.swift; path = LANHostMatchTests.swift; sourceTree = "<group>"; };
		E485499E6AB6C9D34DB8A037 /* CasinoLuckChart.swift */ = {isa = PBXFileReference; lastKnownFileType = sourcecode.swift; path = CasinoLuckChart.swift; sourceTree = "<group>"; };
		E4C2E0CA4A793739737B7568 /* BattleEngineTests.swift */ = {isa = PBXFileReference; lastKnownFileType = sourcecode.swift; path = BattleEngineTests.swift; sourceTree = "<group>"; };
		E4C3894E067CAE94B508A12A /* CharacterDetailView.swift */ = {isa = PBXFileReference; lastKnownFileType = sourcecode.swift; path = CharacterDetailView.swift; sourceTree = "<group>"; };
		E5BE5A5A080CDEA4912ABB03 /* AppConfig.swift */ = {isa = PBXFileReference; lastKnownFileType = sourcecode.swift; path = AppConfig.swift; sourceTree = "<group>"; };
		ED14063699D4A328F1173D67 /* GameArtTests.swift */ = {isa = PBXFileReference; lastKnownFileType = sourcecode.swift; path = GameArtTests.swift; sourceTree = "<group>"; };
		ED51295404DDF35566BDB19E /* JourneyActivityCalendar.swift */ = {isa = PBXFileReference; lastKnownFileType = sourcecode.swift; path = JourneyActivityCalendar.swift; sourceTree = "<group>"; };
		F3760A6F93969CB515E706B1 /* NutriQuestApp.swift */ = {isa = PBXFileReference; lastKnownFileType = sourcecode.swift; path = NutriQuestApp.swift; sourceTree = "<group>"; };
		F4E494C697135C3755277737 /* KitBridging.swift */ = {isa = PBXFileReference; lastKnownFileType = sourcecode.swift; path = KitBridging.swift; sourceTree = "<group>"; };
		F50179EE5AAEE08C0FCB81A5 /* Fonts */ = {isa = PBXFileReference; lastKnownFileType = folder; name = Fonts; path = Resources/Fonts; sourceTree = SOURCE_ROOT; };
		F5EC6B6C474B5B8DF5FA2F6A /* BattleKitTests.xctest */ = {isa = PBXFileReference; includeInIndex = 0; lastKnownFileType = wrapper.cfbundle; path = BattleKitTests.xctest; sourceTree = BUILT_PRODUCTS_DIR; };
		F64CE10476129B1ED098A63A /* HomeView.swift */ = {isa = PBXFileReference; lastKnownFileType = sourcecode.swift; path = HomeView.swift; sourceTree = "<group>"; };
		F6A6E74A63D448AB2789D4DE /* Rarity.swift */ = {isa = PBXFileReference; lastKnownFileType = sourcecode.swift; path = Rarity.swift; sourceTree = "<group>"; };
		F6C6FC0540636169213ADE2B /* LANProtocolTests.swift */ = {isa = PBXFileReference; lastKnownFileType = sourcecode.swift; path = LANProtocolTests.swift; sourceTree = "<group>"; };
		F941A4022E72AD7BEC6DB964 /* SquadPickerView.swift */ = {isa = PBXFileReference; lastKnownFileType = sourcecode.swift; path = SquadPickerView.swift; sourceTree = "<group>"; };
		FC9AD2C5FC6A73330E8ECF07 /* FoodProduct.swift */ = {isa = PBXFileReference; lastKnownFileType = sourcecode.swift; path = FoodProduct.swift; sourceTree = "<group>"; };
/* End PBXFileReference section */

/* Begin PBXFrameworksBuildPhase section */
		0B6896C5E1923E7E1575F950 /* Frameworks */ = {
			isa = PBXFrameworksBuildPhase;
			buildActionMask = 2147483647;
			files = (
				BB0A0D0C4741620940C89FE1 /* BattleKit in Frameworks */,
				9314E0D29BBB172FFEA07672 /* NutriQuestUI in Frameworks */,
			);
			runOnlyForDeploymentPostprocessing = 0;
		};
		595D72E3C1F0321141806E9C /* Frameworks */ = {
			isa = PBXFrameworksBuildPhase;
			buildActionMask = 2147483647;
			files = (
				78C9C65BCDC91D9B1E68602D /* BattleKit in Frameworks */,
			);
			runOnlyForDeploymentPostprocessing = 0;
		};
/* End PBXFrameworksBuildPhase section */

/* Begin PBXGroup section */
		0C9AA11D1B21A8AA807CDCBE /* Packages */ = {
			isa = PBXGroup;
			children = (
				4179B24E4931E9E66B609F58 /* ios */,
			);
			name = Packages;
			sourceTree = "<group>";
		};
		0CDB25462B4C930F85EE9F3E /* Scanning */ = {
			isa = PBXGroup;
			children = (
				0EE1172B559382ABFAD76939 /* BarcodeUtils.swift */,
				8CD9A140A0FB687BDE8C7D1D /* CharacterFactory.swift */,
				8AD2876558076202EA95115B /* FoodDataService.swift */,
				FC9AD2C5FC6A73330E8ECF07 /* FoodProduct.swift */,
				75E3F7281A314FBA8931CA9F /* ImageColorExtractor.swift */,
				39B6C2F7A1F5C26713ED68DB /* MealPhotoCapture.swift */,
				1C6C1A080D8038405488E203 /* ScannerView.swift */,
			);
			path = Scanning;
			sourceTree = "<group>";
		};
		11FEFBF9F9D457E1179AD750 /* NutriQuest */ = {
			isa = PBXGroup;
			children = (
				D8768A5DA1CF563EA0B0E887 /* GameArt.swift */,
				65A40832A6D3ED5B06518E1B /* App */,
				30A038EBB358F1385BEC4CD3 /* DesignSystem */,
				3615FF2755680FAC8EECF2AE /* Health */,
				1912C75BD362A8854FD16893 /* LAN */,
				BC071324A9969672C9946791 /* Models */,
				9B36112ECAC6027CDE65E66B /* Networking */,
				BC5F873A573C1079971EC218 /* Resources */,
				0CDB25462B4C930F85EE9F3E /* Scanning */,
				CAE49F2D55D752F820828085 /* Screens */,
			);
			path = NutriQuest;
			sourceTree = "<group>";
		};
		1912C75BD362A8854FD16893 /* LAN */ = {
			isa = PBXGroup;
			children = (
				18EB6CF6C45D8D8C3BC90B76 /* LANClient.swift */,
				39AFA0560127066B90572431 /* LANCrypto.swift */,
				3F04A367FE902628B6C91D40 /* LANHost.swift */,
				C6C3DB05E7C0029DFC4918CE /* LANHostMatch.swift */,
				0403DFF8FEDD08659E4414E2 /* LANMultipeer.swift */,
				62E571A5A296E0327AC3EED9 /* LANProtocol.swift */,
				C2A8F56ABF6DD4934679CE67 /* LANSession.swift */,
				B7EF8099151DFFA30CE3943C /* LANTournament.swift */,
			);
			path = LAN;
			sourceTree = "<group>";
		};
		1E8F46EA117D935C10055799 /* Sources */ = {
			isa = PBXGroup;
			children = (
				11FEFBF9F9D457E1179AD750 /* NutriQuest */,
			);
			path = Sources;
			sourceTree = "<group>";
		};
		270C3490528B86229042BE3C /* BattleKitTests */ = {
			isa = PBXGroup;
			children = (
				E4C2E0CA4A793739737B7568 /* BattleEngineTests.swift */,
			);
			path = BattleKitTests;
			sourceTree = "<group>";
		};
		30A038EBB358F1385BEC4CD3 /* DesignSystem */ = {
			isa = PBXGroup;
			children = (
				879294FA1B86E90585A7AA7F /* Color+Hex.swift */,
				B49A99726C1DC2C5DF944B0B /* DesignTokens.swift */,
				F4E494C697135C3755277737 /* KitBridging.swift */,
			);
			path = DesignSystem;
			sourceTree = "<group>";
		};
		3615FF2755680FAC8EECF2AE /* Health */ = {
			isa = PBXGroup;
			children = (
				75591C47CFE5CD1E720436E9 /* HealthKitManager.swift */,
				C822A50B46EBDCFD6D0A406A /* HealthKitSnapshot.swift */,
				8CB555000F6EF6D413B7DFB8 /* HealthSyncService.swift */,
				6E32994F76F52FC4A261194A /* WorkoutSummary.swift */,
			);
			path = Health;
			sourceTree = "<group>";
		};
		42B40135569EAEEF87946777 /* Onboarding */ = {
			isa = PBXGroup;
			children = (
				4106D1906C3B4E0023C053F2 /* OnboardingComponents.swift */,
				684E036C4AE5581378F5F4D7 /* OnboardingStepViews.swift */,
			);
			path = Onboarding;
			sourceTree = "<group>";
		};
		47D65886E7831EFCD0FFF7A0 /* Resources */ = {
			isa = PBXGroup;
			children = (
				F50179EE5AAEE08C0FCB81A5 /* Fonts */,
			);
			path = Resources;
			sourceTree = "<group>";
		};
		5281ADD134160CC82821B949 = {
			isa = PBXGroup;
			children = (
				87FD99F4F1FC4A31C06832D4 /* hackrice26 */,
				0C9AA11D1B21A8AA807CDCBE /* Packages */,
				47D65886E7831EFCD0FFF7A0 /* Resources */,
				1E8F46EA117D935C10055799 /* Sources */,
				9B14DF41234D20B01F0C483D /* Tests */,
				B39CD477DCA6B7155EB99BCF /* Products */,
			);
			sourceTree = "<group>";
		};
		65A40832A6D3ED5B06518E1B /* App */ = {
			isa = PBXGroup;
			children = (
				D7FBC0B430D9F714B0E2BBF8 /* GameState.swift */,
				BBB319994EBB87A6BAA41508 /* LaunchGateView.swift */,
				D7FC2AA7CBE841DB8197EE9B /* LaunchSplashView.swift */,
				14BBE6DFC4F647C941CAC824 /* NQAchievements.swift */,
				AD6E67C745E454F1A74AFDFF /* NQNotifications.swift */,
				F3760A6F93969CB515E706B1 /* NutriQuestApp.swift */,
				A895E0E755FBC76AA59CACBB /* RootTabView.swift */,
			);
			path = App;
			sourceTree = "<group>";
		};
		87FD99F4F1FC4A31C06832D4 /* hackrice26 */ = {
			isa = PBXGroup;
			children = (
				B9A9171BED7A517F2202671E /* backend */,
			);
			name = hackrice26;
			path = ..;
			sourceTree = "<group>";
		};
		9B14DF41234D20B01F0C483D /* Tests */ = {
			isa = PBXGroup;
			children = (
				270C3490528B86229042BE3C /* BattleKitTests */,
				B1D96DB55E9BEC7F35C6CD27 /* NutriQuestTests */,
			);
			path = Tests;
			sourceTree = "<group>";
		};
		9B36112ECAC6027CDE65E66B /* Networking */ = {
			isa = PBXGroup;
			children = (
				44E477D60E4D6C3F189C099B /* APIClient.swift */,
				137936CDB011C5B7E6FE06BD /* APIModels.swift */,
				E5BE5A5A080CDEA4912ABB03 /* AppConfig.swift */,
				5798E49E21720763CE0AE0E6 /* BattleReplayMapper.swift */,
				82930BA2971F8DBFDBBC9EF6 /* SessionStore.swift */,
			);
			path = Networking;
			sourceTree = "<group>";
		};
		B1D96DB55E9BEC7F35C6CD27 /* NutriQuestTests */ = {
			isa = PBXGroup;
			children = (
				3695D833EDA8B023BFEC62A9 /* APIErrorTests.swift */,
				B4B92B92027BB76739FE31D5 /* BarcodeUtilsTests.swift */,
				C030FB0134776A73A42C9F1B /* BodyMetricsTests.swift */,
				BE25C65283FB213EE72D1B3A /* CauldronCashOutTests.swift */,
				ED14063699D4A328F1173D67 /* GameArtTests.swift */,
				1D82D7B1DDA55C8F24D3A468 /* HealthKitSnapshotTests.swift */,
				4276CE36E6E9F75F9425C903 /* LANHostIntegrationTests.swift */,
				DE76EE310D51FB67A9F7B65F /* LANHostMatchTests.swift */,
				F6C6FC0540636169213ADE2B /* LANProtocolTests.swift */,
				DB077BE598A1019959EF64F5 /* LANTestSupport.swift */,
				23CE9A03DDD3B2F84BD11D9B /* LANTournamentTests.swift */,
				2158CFD64CCE3C30F4C01624 /* ScanPipelineTests.swift */,
			);
			path = NutriQuestTests;
			sourceTree = "<group>";
		};
		B39CD477DCA6B7155EB99BCF /* Products */ = {
			isa = PBXGroup;
			children = (
				F5EC6B6C474B5B8DF5FA2F6A /* BattleKitTests.xctest */,
				B6558DD7BAB6A544FF3565A6 /* NutriQuest.app */,
				DC03DE80326EAE65D604C907 /* NutriQuestTests.xctest */,
			);
			name = Products;
			sourceTree = "<group>";
		};
		B9A9171BED7A517F2202671E /* backend */ = {
			isa = PBXGroup;
			children = (
				93A470DD2ACD7130B1C43577 /* game-assets */,
			);
			path = backend;
			sourceTree = "<group>";
		};
		BC071324A9969672C9946791 /* Models */ = {
			isa = PBXGroup;
			children = (
				477C9D1892868D080F6DD2B5 /* BodyMetrics.swift */,
				99A3574F110807E98AD10ED7 /* Character.swift */,
				DA38B012E57749DC07E99993 /* CharacterBios.swift */,
				F6A6E74A63D448AB2789D4DE /* Rarity.swift */,
				1F67C1ADDA4258BE80A784CD /* StatType.swift */,
			);
			path = Models;
			sourceTree = "<group>";
		};
		BC5F873A573C1079971EC218 /* Resources */ = {
			isa = PBXGroup;
			children = (
				3179FA7282219DAAB0FE3C85 /* Assets.xcassets */,
				284179EF70690D9FF0B92110 /* Characters.xcassets */,
			);
			path = Resources;
			sourceTree = "<group>";
		};
		CAE49F2D55D752F820828085 /* Screens */ = {
			isa = PBXGroup;
			children = (
				AD52285DC114B6B2660F977D /* BattleHubView.swift */,
				205934A45344A61D0CE98920 /* BattleView.swift */,
				7F88BB3D3BA8DC5A2E7D877E /* BodyMetricsView.swift */,
				53DBF7798C8D10EAD3843701 /* CaseOpeningView.swift */,
				2F8B862E483B9A4FECBB9F70 /* CaseRouletteStrip.swift */,
				15F4374A030705C10CB3419A /* CasinoHubView.swift */,
				E485499E6AB6C9D34DB8A037 /* CasinoLuckChart.swift */,
				D4A367D08DD5A7DABD1176DA /* CauldronCashOut.swift */,
				9B32FE00FCF3110C4CF6CA4F /* CauldronClock.swift */,
				90F2B16B629FEE5AB15F5B40 /* CauldronCrashView.swift */,
				E4C3894E067CAE94B508A12A /* CharacterDetailView.swift */,
				CCAEF89F81FE0EDB05A590CA /* CollectionView.swift */,
				617FC9309807B399B25A73A5 /* CrateOpeningView.swift */,
				27A178BC1BCAAA42B0EE0DD8 /* DishReviewView.swift */,
				5B50EEE2B0F8FAAF470C99CB /* DungeonView.swift */,
				9E2D72F87F60BCBF813FB7A3 /* GuidedTourView.swift */,
				7AB602D2B3D6DBF6725D2720 /* HealthDashboardView.swift */,
				F64CE10476129B1ED098A63A /* HomeView.swift */,
				39D1677FC4D6136C587AA8EA /* HumanGateView.swift */,
				ED51295404DDF35566BDB19E /* JourneyActivityCalendar.swift */,
				0D8A9CAFEA349E7337340C4C /* JourneyView.swift */,
				C04360E042B736F05741E5C3 /* KitchenMinesView.swift */,
				285167B39A9F98AC073AEE70 /* LANLobbyView.swift */,
				52369D9BC6D2E80B6F54DD7D /* LeaderboardView.swift */,
				589E1F9B242A850F9FFB2EB8 /* OnboardingView.swift */,
				5F3A14417EBD05F2CF14FFD9 /* PlinkoView.swift */,
				0102BBD5D48083C41BA3BE5C /* PortalWheelView.swift */,
				97CA1129653E7E25D7307C6A /* ProfileView.swift */,
				7CBDD0600B8249A61929B154 /* ScanView.swift */,
				007E36FFDF615A6A38249CB8 /* ShopView.swift */,
				F941A4022E72AD7BEC6DB964 /* SquadPickerView.swift */,
				64173722F51710D196A6C3F7 /* WatchConnectView.swift */,
				42B40135569EAEEF87946777 /* Onboarding */,
			);
			path = Screens;
			sourceTree = "<group>";
		};
/* End PBXGroup section */

/* Begin PBXNativeTarget section */
		303B5F9A0C9C987DFAC50C9F /* NutriQuest */ = {
			isa = PBXNativeTarget;
			buildConfigurationList = C868C1E25A83E7E122394A02 /* Build configuration list for PBXNativeTarget "NutriQuest" */;
			buildPhases = (
				1BB366E424B71D452B76B5A8 /* Sources */,
				8882096A552F5A3D96E33032 /* Resources */,
				0B6896C5E1923E7E1575F950 /* Frameworks */,
			);
			buildRules = (
			);
			dependencies = (
			);
			name = NutriQuest;
			packageProductDependencies = (
				12EF5FB9A8BCA4EEB940C570 /* BattleKit */,
				05C406A08C0337E5E02204FC /* NutriQuestUI */,
			);
			productName = NutriQuest;
			productReference = B6558DD7BAB6A544FF3565A6 /* NutriQuest.app */;
			productType = "com.apple.product-type.application";
		};
		49B02D9C1A26FB031843FDA0 /* NutriQuestTests */ = {
			isa = PBXNativeTarget;
			buildConfigurationList = BD92EFE6FE05E032DBE1DAFA /* Build configuration list for PBXNativeTarget "NutriQuestTests" */;
			buildPhases = (
				14FBF3323E3B5F5375258A10 /* Sources */,
			);
			buildRules = (
			);
			dependencies = (
				8DFF8F7F2F960BC1D736DCC2 /* PBXTargetDependency */,
			);
			name = NutriQuestTests;
			packageProductDependencies = (
			);
			productName = NutriQuestTests;
			productReference = DC03DE80326EAE65D604C907 /* NutriQuestTests.xctest */;
			productType = "com.apple.product-type.bundle.unit-test";
		};
		55B39F3D581A1144A5C0758B /* BattleKitTests */ = {
			isa = PBXNativeTarget;
			buildConfigurationList = 2F53B057238D5118ECA4D712 /* Build configuration list for PBXNativeTarget "BattleKitTests" */;
			buildPhases = (
				4D1B7AB08B68CC33EAC48F95 /* Sources */,
				595D72E3C1F0321141806E9C /* Frameworks */,
			);
			buildRules = (
			);
			dependencies = (
			);
			name = BattleKitTests;
			packageProductDependencies = (
				6C4642CADC1838D0387C7BF8 /* BattleKit */,
			);
			productName = BattleKitTests;
			productReference = F5EC6B6C474B5B8DF5FA2F6A /* BattleKitTests.xctest */;
			productType = "com.apple.product-type.bundle.unit-test";
		};
/* End PBXNativeTarget section */

/* Begin PBXProject section */
		651CFCCE5059AE9C80AEE0F9 /* Project object */ = {
			isa = PBXProject;
			attributes = {
				BuildIndependentTargetsInParallel = YES;
				LastUpgradeCheck = 1430;
				TargetAttributes = {
				};
			};
			buildConfigurationList = 9BC1CA3799A0C2EB4187AC77 /* Build configuration list for PBXProject "NutriQuest" */;
			developmentRegion = en;
			hasScannedForEncodings = 0;
			knownRegions = (
				Base,
				en,
			);
			mainGroup = 5281ADD134160CC82821B949;
			minimizedProjectReferenceProxies = 1;
			packageReferences = (
				564575AB2651672C6988FA12 /* XCLocalSwiftPackageReference "." */,
			);
			preferredProjectObjectVersion = 77;
			productRefGroup = B39CD477DCA6B7155EB99BCF /* Products */;
			projectDirPath = "";
			projectRoot = "";
			targets = (
				303B5F9A0C9C987DFAC50C9F /* NutriQuest */,
				49B02D9C1A26FB031843FDA0 /* NutriQuestTests */,
				55B39F3D581A1144A5C0758B /* BattleKitTests */,
			);
		};
/* End PBXProject section */

/* Begin PBXResourcesBuildPhase section */
		8882096A552F5A3D96E33032 /* Resources */ = {
			isa = PBXResourcesBuildPhase;
			buildActionMask = 2147483647;
			files = (
				7DD51A43094A15FBA71D4806 /* Assets.xcassets in Resources */,
				65C4F2F89BCB97CFF3F31DFB /* Characters.xcassets in Resources */,
				D25A48BFBDFC8D07B9865590 /* Fonts in Resources */,
				DDB78FA7CDA51160C6DB0E89 /* game-assets in Resources */,
			);
			runOnlyForDeploymentPostprocessing = 0;
		};
/* End PBXResourcesBuildPhase section */

/* Begin PBXSourcesBuildPhase section */
		14FBF3323E3B5F5375258A10 /* Sources */ = {
			isa = PBXSourcesBuildPhase;
			buildActionMask = 2147483647;
			files = (
				5B5652062290FDE3A5688C47 /* APIErrorTests.swift in Sources */,
				D64641F01F7AC55D87DC6C5F /* BarcodeUtilsTests.swift in Sources */,
				DCAAA79A9A71F0D07380BEBF /* BodyMetricsTests.swift in Sources */,
				444DAF3851E02D2D49C02C6E /* CauldronCashOutTests.swift in Sources */,
				9124D0F77A75B6F43BF1941D /* GameArtTests.swift in Sources */,
				F943B2CDAD2887D377AAF138 /* HealthKitSnapshotTests.swift in Sources */,
				EB98860670275942ACDD229F /* LANHostIntegrationTests.swift in Sources */,
				E3851D2F8079148F483B030A /* LANHostMatchTests.swift in Sources */,
				C0C9255AED877997786E820B /* LANProtocolTests.swift in Sources */,
				757C655FBEFE2632208627F1 /* LANTestSupport.swift in Sources */,
				C0296742AF08312A6682855E /* LANTournamentTests.swift in Sources */,
				C3360731A29714DD0EC3A9F2 /* ScanPipelineTests.swift in Sources */,
			);
			runOnlyForDeploymentPostprocessing = 0;
		};
		1BB366E424B71D452B76B5A8 /* Sources */ = {
			isa = PBXSourcesBuildPhase;
			buildActionMask = 2147483647;
			files = (
				6625061C195EB61BB19ADC32 /* APIClient.swift in Sources */,
				D63454F9FF40922A4939FBC0 /* APIModels.swift in Sources */,
				486D2ED1CAA8171326F3C5BD /* AppConfig.swift in Sources */,
				7B93FED2EEC0D911006208E3 /* BarcodeUtils.swift in Sources */,
				2990358D29CF67F59C5A6935 /* BattleHubView.swift in Sources */,
				FFD34A1A8E919630A9E2CC48 /* BattleReplayMapper.swift in Sources */,
				1474B653FB64B907B89D06EE /* BattleView.swift in Sources */,
				1DF172F20FD26F9851F2708C /* BodyMetrics.swift in Sources */,
				8DD09A9DED2EDD7F8BCB4F0C /* BodyMetricsView.swift in Sources */,
				C4181F780FB501C9E69F1730 /* CaseOpeningView.swift in Sources */,
				454257114CB0068BA37B56AE /* CaseRouletteStrip.swift in Sources */,
				471619DFE3B07CA3015B627C /* CasinoHubView.swift in Sources */,
				E3CBA1A9E31B9902D6A2F5DF /* CasinoLuckChart.swift in Sources */,
				CB419B969D1E103C495CD1F8 /* CauldronCashOut.swift in Sources */,
				CD89EF2DA18AB214EB5DA6DF /* CauldronClock.swift in Sources */,
				5C5004DBA147B4038D3EFAEF /* CauldronCrashView.swift in Sources */,
				FBE44ED222DEF20EC8A9410D /* Character.swift in Sources */,
				6B842BBD9BDE955B6C3A7504 /* CharacterBios.swift in Sources */,
				9E0D5BB49EC4E818E61DDA35 /* CharacterDetailView.swift in Sources */,
				CC092355D9B7A450D3FF6804 /* CharacterFactory.swift in Sources */,
				A4B629DF4C1C98E407FC9CA8 /* CollectionView.swift in Sources */,
				3E1ADC414C9F6266F1820D09 /* Color+Hex.swift in Sources */,
				8C62E171E347207F768B35E9 /* CrateOpeningView.swift in Sources */,
				648E041A8F3F380D0EF73C70 /* DesignTokens.swift in Sources */,
				03461E13091C8D3EE383DAAB /* DishReviewView.swift in Sources */,
				49B437CCD2CB282C35AE72F9 /* DungeonView.swift in Sources */,
				D29A87BF4AE1A58B668ECF6D /* FoodDataService.swift in Sources */,
				52DB4149B9A9CEA5889E1A16 /* FoodProduct.swift in Sources */,
				7DFE640900C4F63DF44DBBA4 /* GameArt.swift in Sources */,
				9DE7D4A7F8EA165ABE69CFCC /* GameState.swift in Sources */,
				795B9A261F386F22DC7D1595 /* GuidedTourView.swift in Sources */,
				8F88172B7F72EC5200D5E82C /* HealthDashboardView.swift in Sources */,
				2C603B97017B76B6A4424FCC /* HealthKitManager.swift in Sources */,
				D5D7EED529F03A9576289678 /* HealthKitSnapshot.swift in Sources */,
				40C916385FDDFE43E25DA4C2 /* HealthSyncService.swift in Sources */,
				23C68A3FADC8D61259313557 /* HomeView.swift in Sources */,
				04EB62BF0CA027847B8DF200 /* HumanGateView.swift in Sources */,
				9BF7AD79D721D0EF56E68D49 /* ImageColorExtractor.swift in Sources */,
				21785D39917D076AB1686FB8 /* JourneyActivityCalendar.swift in Sources */,
				3AF44E9524682DB3FAD7B4DE /* JourneyView.swift in Sources */,
				9F642EDAD1101AE0D9F9CAAF /* KitBridging.swift in Sources */,
				13BF32F83AAE3C370CD3DCBE /* KitchenMinesView.swift in Sources */,
				0822FEFA512C70B019F89F7E /* LANClient.swift in Sources */,
				B3B94331DBA3C4927A94836E /* LANCrypto.swift in Sources */,
				EAAB967F70349AFCD7271B73 /* LANHost.swift in Sources */,
				E29F27538CBD2F77EE0C7158 /* LANHostMatch.swift in Sources */,
				3954C97B71E2F2A26AF86F32 /* LANLobbyView.swift in Sources */,
				9DFF4F0CD03EBB752BD80CF9 /* LANMultipeer.swift in Sources */,
				A606A919398F9CA975DC1196 /* LANProtocol.swift in Sources */,
				E08A2EE722652550140909CD /* LANSession.swift in Sources */,
				CD72782E940370E6181C986D /* LANTournament.swift in Sources */,
				C071CE30CE3D8A263A229059 /* LaunchGateView.swift in Sources */,
				93C8129BBF8A41F2040DFCF2 /* LaunchSplashView.swift in Sources */,
				42A9DFE50004FC1709A4B4E8 /* LeaderboardView.swift in Sources */,
				155A9CDB0E660DB4A6EEC849 /* MealPhotoCapture.swift in Sources */,
				FA8A3C6E9ADA720D64BB26BA /* NQAchievements.swift in Sources */,
				CA10C22B6D8D33946BB3F89D /* NQNotifications.swift in Sources */,
				2B5242112D570192B6879AA6 /* NutriQuestApp.swift in Sources */,
				4A18CE1FE929227B0316F900 /* OnboardingComponents.swift in Sources */,
				134D81E9B0D858DAE3366A07 /* OnboardingStepViews.swift in Sources */,
				15C07579E45A62FE7285365D /* OnboardingView.swift in Sources */,
				D1ADCDCB0825A28A9CD99C3F /* PlinkoView.swift in Sources */,
				515C28287014195D4587445C /* PortalWheelView.swift in Sources */,
				3E0BF30C14366382DC08E336 /* ProfileView.swift in Sources */,
				EE7EF50636EA1FA9DFB240A0 /* Rarity.swift in Sources */,
				BB057BEABE205F6E1F111907 /* RootTabView.swift in Sources */,
				41A88104A1DFA600EEA689AF /* ScanView.swift in Sources */,
				16775AC590EAAA581DF92F07 /* ScannerView.swift in Sources */,
				2C9F1E9442FC35F13F6C032D /* SessionStore.swift in Sources */,
				9CE22737BDAE55E2B0C85ABA /* ShopView.swift in Sources */,
				D46BC08A405AD317016E0EF9 /* SquadPickerView.swift in Sources */,
				B13687DB1585311112E3219C /* StatType.swift in Sources */,
				BCBD4BCDC53578B1E775F112 /* WatchConnectView.swift in Sources */,
				00D502FC89112C5ECE6CA6F5 /* WorkoutSummary.swift in Sources */,
			);
			runOnlyForDeploymentPostprocessing = 0;
		};
		4D1B7AB08B68CC33EAC48F95 /* Sources */ = {
			isa = PBXSourcesBuildPhase;
			buildActionMask = 2147483647;
			files = (
				0653B227DAE320B30676A856 /* BattleEngineTests.swift in Sources */,
			);
			runOnlyForDeploymentPostprocessing = 0;
		};
/* End PBXSourcesBuildPhase section */

/* Begin PBXTargetDependency section */
		8DFF8F7F2F960BC1D736DCC2 /* PBXTargetDependency */ = {
			isa = PBXTargetDependency;
			target = 303B5F9A0C9C987DFAC50C9F /* NutriQuest */;
			targetProxy = A15A2942304E236B95AE723F /* PBXContainerItemProxy */;
		};
/* End PBXTargetDependency section */

/* Begin XCBuildConfiguration section */
		27CA75D0A1AC209BFF9CB9E8 /* Debug */ = {
			isa = XCBuildConfiguration;
			buildSettings = {
				ALWAYS_SEARCH_USER_PATHS = NO;
				CLANG_ANALYZER_NONNULL = YES;
				CLANG_ANALYZER_NUMBER_OBJECT_CONVERSION = YES_AGGRESSIVE;
				CLANG_CXX_LANGUAGE_STANDARD = "gnu++14";
				CLANG_CXX_LIBRARY = "libc++";
				CLANG_ENABLE_MODULES = YES;
				CLANG_ENABLE_OBJC_ARC = YES;
				CLANG_ENABLE_OBJC_WEAK = YES;
				CLANG_WARN_BLOCK_CAPTURE_AUTORELEASING = YES;
				CLANG_WARN_BOOL_CONVERSION = YES;
				CLANG_WARN_COMMA = YES;
				CLANG_WARN_CONSTANT_CONVERSION = YES;
				CLANG_WARN_DEPRECATED_OBJC_IMPLEMENTATIONS = YES;
				CLANG_WARN_DIRECT_OBJC_ISA_USAGE = YES_ERROR;
				CLANG_WARN_DOCUMENTATION_COMMENTS = YES;
				CLANG_WARN_EMPTY_BODY = YES;
				CLANG_WARN_ENUM_CONVERSION = YES;
				CLANG_WARN_INFINITE_RECURSION = YES;
				CLANG_WARN_INT_CONVERSION = YES;
				CLANG_WARN_NON_LITERAL_NULL_CONVERSION = YES;
				CLANG_WARN_OBJC_IMPLICIT_RETAIN_SELF = YES;
				CLANG_WARN_OBJC_LITERAL_CONVERSION = YES;
				CLANG_WARN_OBJC_ROOT_CLASS = YES_ERROR;
				CLANG_WARN_QUOTED_INCLUDE_IN_FRAMEWORK_HEADER = YES;
				CLANG_WARN_RANGE_LOOP_ANALYSIS = YES;
				CLANG_WARN_STRICT_PROTOTYPES = YES;
				CLANG_WARN_SUSPICIOUS_MOVE = YES;
				CLANG_WARN_UNGUARDED_AVAILABILITY = YES_AGGRESSIVE;
				CLANG_WARN_UNREACHABLE_CODE = YES;
				CLANG_WARN__DUPLICATE_METHOD_MATCH = YES;
				COPY_PHASE_STRIP = NO;
				DEBUG_INFORMATION_FORMAT = dwarf;
				ENABLE_STRICT_OBJC_MSGSEND = YES;
				ENABLE_TESTABILITY = YES;
				GCC_C_LANGUAGE_STANDARD = gnu11;
				GCC_DYNAMIC_NO_PIC = NO;
				GCC_NO_COMMON_BLOCKS = YES;
				GCC_OPTIMIZATION_LEVEL = 0;
				GCC_PREPROCESSOR_DEFINITIONS = (
					"$(inherited)",
					"DEBUG=1",
				);
				GCC_WARN_64_TO_32_BIT_CONVERSION = YES;
				GCC_WARN_ABOUT_RETURN_TYPE = YES_ERROR;
				GCC_WARN_UNDECLARED_SELECTOR = YES;
				GCC_WARN_UNINITIALIZED_AUTOS = YES_AGGRESSIVE;
				GCC_WARN_UNUSED_FUNCTION = YES;
				GCC_WARN_UNUSED_VARIABLE = YES;
				IPHONEOS_DEPLOYMENT_TARGET = 16.0;
				MTL_ENABLE_DEBUG_INFO = INCLUDE_SOURCE;
				MTL_FAST_MATH = YES;
				ONLY_ACTIVE_ARCH = YES;
				PRODUCT_NAME = "$(TARGET_NAME)";
				SDKROOT = iphoneos;
				SWIFT_ACTIVE_COMPILATION_CONDITIONS = DEBUG;
				SWIFT_OPTIMIZATION_LEVEL = "-Onone";
				SWIFT_VERSION = 5.0;
			};
			name = Debug;
		};
		2D16048591AF5B5AAE28B876 /* Release */ = {
			isa = XCBuildConfiguration;
			buildSettings = {
				BUNDLE_LOADER = "$(TEST_HOST)";
				GENERATE_INFOPLIST_FILE = YES;
				LD_RUNPATH_SEARCH_PATHS = (
					"$(inherited)",
					"@executable_path/Frameworks",
					"@loader_path/Frameworks",
				);
				PRODUCT_BUNDLE_IDENTIFIER = com.nutriquest.BattleKitTests;
				SDKROOT = iphoneos;
				TARGETED_DEVICE_FAMILY = "1,2";
			};
			name = Release;
		};
		4DB1D9CDF86AEEBDB4DAAC57 /* Release */ = {
			isa = XCBuildConfiguration;
			buildSettings = {
				ASSETCATALOG_COMPILER_APPICON_NAME = AppIcon;
				CODE_SIGN_ENTITLEMENTS = Support/NutriQuest.entitlements;
				CODE_SIGN_IDENTITY = "iPhone Developer";
				ENABLE_PREVIEWS = YES;
				GENERATE_INFOPLIST_FILE = YES;
				INFOPLIST_FILE = Support/Info.plist;
				INFOPLIST_KEY_NSCameraUsageDescription = "NutriQuest scans food barcodes and meal photos to summon characters.";
				INFOPLIST_KEY_NSHealthShareUsageDescription = "NutriQuest reads your steps, heart rate, activity rings and workouts from Apple Watch to boost your daily stats.";
				INFOPLIST_KEY_NSLocalNetworkUsageDescription = "NutriQuest finds friends on the same Wi-Fi so you can battle nearby.";
				INFOPLIST_KEY_NSPhotoLibraryUsageDescription = "NutriQuest can use a meal photo from your library when the camera isn't available.";
				INFOPLIST_KEY_UIApplicationSceneManifest_Generation = YES;
				INFOPLIST_KEY_UILaunchScreen_Generation = YES;
				INFOPLIST_KEY_UISupportedInterfaceOrientations = UIInterfaceOrientationPortrait;
				LD_RUNPATH_SEARCH_PATHS = (
					"$(inherited)",
					"@executable_path/Frameworks",
				);
				PRODUCT_BUNDLE_IDENTIFIER = com.nutriquest.app;
				PRODUCT_NAME = NutriQuest;
				SDKROOT = iphoneos;
				SWIFT_VERSION = 5.9;
				TARGETED_DEVICE_FAMILY = 1;
			};
			name = Release;
		};
		52DEE1A3D5F7A6B1F8611D2E /* Debug */ = {
			isa = XCBuildConfiguration;
			buildSettings = {
				BUNDLE_LOADER = "$(TEST_HOST)";
				GENERATE_INFOPLIST_FILE = YES;
				LD_RUNPATH_SEARCH_PATHS = (
					"$(inherited)",
					"@executable_path/Frameworks",
					"@loader_path/Frameworks",
				);
				PRODUCT_BUNDLE_IDENTIFIER = com.nutriquest.BattleKitTests;
				SDKROOT = iphoneos;
				TARGETED_DEVICE_FAMILY = "1,2";
			};
			name = Debug;
		};
		A3BE0FDFD5AA011B463280CD /* Release */ = {
			isa = XCBuildConfiguration;
			buildSettings = {
				BUNDLE_LOADER = "$(TEST_HOST)";
				GENERATE_INFOPLIST_FILE = YES;
				LD_RUNPATH_SEARCH_PATHS = (
					"$(inherited)",
					"@executable_path/Frameworks",
					"@loader_path/Frameworks",
				);
				PRODUCT_BUNDLE_IDENTIFIER = com.nutriquest.NutriQuestTests;
				SDKROOT = iphoneos;
				TARGETED_DEVICE_FAMILY = "1,2";
				TEST_HOST = "$(BUILT_PRODUCTS_DIR)/NutriQuest.app/NutriQuest";
			};
			name = Release;
		};
		A6F4AB074AF9548012DB0B33 /* Debug */ = {
			isa = XCBuildConfiguration;
			buildSettings = {
				BUNDLE_LOADER = "$(TEST_HOST)";
				GENERATE_INFOPLIST_FILE = YES;
				LD_RUNPATH_SEARCH_PATHS = (
					"$(inherited)",
					"@executable_path/Frameworks",
					"@loader_path/Frameworks",
				);
				PRODUCT_BUNDLE_IDENTIFIER = com.nutriquest.NutriQuestTests;
				SDKROOT = iphoneos;
				TARGETED_DEVICE_FAMILY = "1,2";
				TEST_HOST = "$(BUILT_PRODUCTS_DIR)/NutriQuest.app/NutriQuest";
			};
			name = Debug;
		};
		B8C0A59CD0D95F0AA5AE47ED /* Debug */ = {
			isa = XCBuildConfiguration;
			buildSettings = {
				ASSETCATALOG_COMPILER_APPICON_NAME = AppIcon;
				CODE_SIGN_ENTITLEMENTS = Support/NutriQuest.entitlements;
				CODE_SIGN_IDENTITY = "iPhone Developer";
				ENABLE_PREVIEWS = YES;
				GENERATE_INFOPLIST_FILE = YES;
				INFOPLIST_FILE = Support/Info.plist;
				INFOPLIST_KEY_NSCameraUsageDescription = "NutriQuest scans food barcodes and meal photos to summon characters.";
				INFOPLIST_KEY_NSHealthShareUsageDescription = "NutriQuest reads your steps, heart rate, activity rings and workouts from Apple Watch to boost your daily stats.";
				INFOPLIST_KEY_NSLocalNetworkUsageDescription = "NutriQuest finds friends on the same Wi-Fi so you can battle nearby.";
				INFOPLIST_KEY_NSPhotoLibraryUsageDescription = "NutriQuest can use a meal photo from your library when the camera isn't available.";
				INFOPLIST_KEY_UIApplicationSceneManifest_Generation = YES;
				INFOPLIST_KEY_UILaunchScreen_Generation = YES;
				INFOPLIST_KEY_UISupportedInterfaceOrientations = UIInterfaceOrientationPortrait;
				LD_RUNPATH_SEARCH_PATHS = (
					"$(inherited)",
					"@executable_path/Frameworks",
				);
				PRODUCT_BUNDLE_IDENTIFIER = com.nutriquest.app;
				PRODUCT_NAME = NutriQuest;
				SDKROOT = iphoneos;
				SWIFT_VERSION = 5.9;
				TARGETED_DEVICE_FAMILY = 1;
			};
			name = Debug;
		};
		E03D0E55E6F51CF051EA37A2 /* Release */ = {
			isa = XCBuildConfiguration;
			buildSettings = {
				ALWAYS_SEARCH_USER_PATHS = NO;
				CLANG_ANALYZER_NONNULL = YES;
				CLANG_ANALYZER_NUMBER_OBJECT_CONVERSION = YES_AGGRESSIVE;
				CLANG_CXX_LANGUAGE_STANDARD = "gnu++14";
				CLANG_CXX_LIBRARY = "libc++";
				CLANG_ENABLE_MODULES = YES;
				CLANG_ENABLE_OBJC_ARC = YES;
				CLANG_ENABLE_OBJC_WEAK = YES;
				CLANG_WARN_BLOCK_CAPTURE_AUTORELEASING = YES;
				CLANG_WARN_BOOL_CONVERSION = YES;
				CLANG_WARN_COMMA = YES;
				CLANG_WARN_CONSTANT_CONVERSION = YES;
				CLANG_WARN_DEPRECATED_OBJC_IMPLEMENTATIONS = YES;
				CLANG_WARN_DIRECT_OBJC_ISA_USAGE = YES_ERROR;
				CLANG_WARN_DOCUMENTATION_COMMENTS = YES;
				CLANG_WARN_EMPTY_BODY = YES;
				CLANG_WARN_ENUM_CONVERSION = YES;
				CLANG_WARN_INFINITE_RECURSION = YES;
				CLANG_WARN_INT_CONVERSION = YES;
				CLANG_WARN_NON_LITERAL_NULL_CONVERSION = YES;
				CLANG_WARN_OBJC_IMPLICIT_RETAIN_SELF = YES;
				CLANG_WARN_OBJC_LITERAL_CONVERSION = YES;
				CLANG_WARN_OBJC_ROOT_CLASS = YES_ERROR;
				CLANG_WARN_QUOTED_INCLUDE_IN_FRAMEWORK_HEADER = YES;
				CLANG_WARN_RANGE_LOOP_ANALYSIS = YES;
				CLANG_WARN_STRICT_PROTOTYPES = YES;
				CLANG_WARN_SUSPICIOUS_MOVE = YES;
				CLANG_WARN_UNGUARDED_AVAILABILITY = YES_AGGRESSIVE;
				CLANG_WARN_UNREACHABLE_CODE = YES;
				CLANG_WARN__DUPLICATE_METHOD_MATCH = YES;
				COPY_PHASE_STRIP = NO;
				DEBUG_INFORMATION_FORMAT = "dwarf-with-dsym";
				ENABLE_NS_ASSERTIONS = NO;
				ENABLE_STRICT_OBJC_MSGSEND = YES;
				GCC_C_LANGUAGE_STANDARD = gnu11;
				GCC_NO_COMMON_BLOCKS = YES;
				GCC_WARN_64_TO_32_BIT_CONVERSION = YES;
				GCC_WARN_ABOUT_RETURN_TYPE = YES_ERROR;
				GCC_WARN_UNDECLARED_SELECTOR = YES;
				GCC_WARN_UNINITIALIZED_AUTOS = YES_AGGRESSIVE;
				GCC_WARN_UNUSED_FUNCTION = YES;
				GCC_WARN_UNUSED_VARIABLE = YES;
				IPHONEOS_DEPLOYMENT_TARGET = 16.0;
				MTL_ENABLE_DEBUG_INFO = NO;
				MTL_FAST_MATH = YES;
				PRODUCT_NAME = "$(TARGET_NAME)";
				SDKROOT = iphoneos;
				SWIFT_COMPILATION_MODE = wholemodule;
				SWIFT_OPTIMIZATION_LEVEL = "-O";
				SWIFT_VERSION = 5.0;
			};
			name = Release;
		};
/* End XCBuildConfiguration section */

/* Begin XCConfigurationList section */
		2F53B057238D5118ECA4D712 /* Build configuration list for PBXNativeTarget "BattleKitTests" */ = {
			isa = XCConfigurationList;
			buildConfigurations = (
				52DEE1A3D5F7A6B1F8611D2E /* Debug */,
				2D16048591AF5B5AAE28B876 /* Release */,
			);
			defaultConfigurationIsVisible = 0;
			defaultConfigurationName = Debug;
		};
		9BC1CA3799A0C2EB4187AC77 /* Build configuration list for PBXProject "NutriQuest" */ = {
			isa = XCConfigurationList;
			buildConfigurations = (
				27CA75D0A1AC209BFF9CB9E8 /* Debug */,
				E03D0E55E6F51CF051EA37A2 /* Release */,
			);
			defaultConfigurationIsVisible = 0;
			defaultConfigurationName = Debug;
		};
		BD92EFE6FE05E032DBE1DAFA /* Build configuration list for PBXNativeTarget "NutriQuestTests" */ = {
			isa = XCConfigurationList;
			buildConfigurations = (
				A6F4AB074AF9548012DB0B33 /* Debug */,
				A3BE0FDFD5AA011B463280CD /* Release */,
			);
			defaultConfigurationIsVisible = 0;
			defaultConfigurationName = Debug;
		};
		C868C1E25A83E7E122394A02 /* Build configuration list for PBXNativeTarget "NutriQuest" */ = {
			isa = XCConfigurationList;
			buildConfigurations = (
				B8C0A59CD0D95F0AA5AE47ED /* Debug */,
				4DB1D9CDF86AEEBDB4DAAC57 /* Release */,
			);
			defaultConfigurationIsVisible = 0;
			defaultConfigurationName = Debug;
		};
/* End XCConfigurationList section */

/* Begin XCLocalSwiftPackageReference section */
		564575AB2651672C6988FA12 /* XCLocalSwiftPackageReference "." */ = {
			isa = XCLocalSwiftPackageReference;
			relativePath = .;
		};
/* End XCLocalSwiftPackageReference section */

/* Begin XCSwiftPackageProductDependency section */
		05C406A08C0337E5E02204FC /* NutriQuestUI */ = {
			isa = XCSwiftPackageProductDependency;
			productName = NutriQuestUI;
		};
		12EF5FB9A8BCA4EEB940C570 /* BattleKit */ = {
			isa = XCSwiftPackageProductDependency;
			productName = BattleKit;
		};
		6C4642CADC1838D0387C7BF8 /* BattleKit */ = {
			isa = XCSwiftPackageProductDependency;
			productName = BattleKit;
		};
/* End XCSwiftPackageProductDependency section */
	};
	rootObject = 651CFCCE5059AE9C80AEE0F9 /* Project object */;
}
